<?xml version="1.0" encoding="UTF-8"?>
<CONFIG>
  <ProjectOptions>
    <Version Value="11"/>
    <General>
      <MainUnit Value="0"/>
      <ResourceType Value="res"/>
      <UseXPManifest Value="True"/>
    </General>
    <VersionInfo>
      <Language Value=""/>
      <CharSet Value=""/>
    </VersionInfo>
    <BuildModes Count="1">
      <Item1 Name="default" Default="True"/>
    </BuildModes>
    <PublishOptions>
      <Version Value="2"/>
    </PublishOptions>
    <RunParams>
      <FormatVersion Value="2"/>
      <Modes Count="1">
        <Mode0 Name="default">
          <local>
            <LaunchingApplication PathPlusParams="/usr/X11R6/bin/xterm -T 'Lazarus Run Output' -e $(LazarusDir)/tools/runwait.sh $(TargetCmdLine)"/>
          </local>
        </Mode0>
      </Modes>
    </RunParams>
    <RequiredPackages Count="1">
      <Item1>
        <PackageName Value="LCL"/>
      </Item1>
    </RequiredPackages>
    <Units Count="14">
      <Unit0>
        <Filename Value="projectuncollector.lpr"/>
        <IsPartOfProject Value="True"/>
        <EditorIndex Value="-1"/>
        <CursorPos Y="11"/>
        <UsageCount Value="25"/>
      </Unit0>
      <Unit1>
        <Filename Value="unit1.pas"/>
        <IsPartOfProject Value="True"/>
        <ComponentName Value="Form1"/>
        <HasResources Value="True"/>
        <ResourceBaseClass Value="Form"/>
        <UnitName Value="Unit1"/>
        <IsVisibleTab Value="True"/>
        <TopLine Value="385"/>
        <CursorPos X="21" Y="414"/>
        <ExtraEditorCount Value="1"/>
        <ExtraEditor1>
          <EditorIndex Value="-1"/>
          <WindowIndex Value="-1"/>
          <TopLine Value="151"/>
          <CursorPos X="17" Y="171"/>
        </ExtraEditor1>
        <UsageCount Value="25"/>
        <Bookmarks Count="1">
          <Item0 X="7" Y="192" ID="1"/>
        </Bookmarks>
        <Loaded Value="True"/>
        <LoadedDesigner Value="True"/>
      </Unit1>
      <Unit2>
        <Filename Value="/home/corpsman/lazarus/lcl/include/control.inc"/>
        <TopLine Value="2271"/>
        <CursorPos Y="2289"/>
        <UsageCount Value="10"/>
      </Unit2>
      <Unit3>
        <Filename Value="/home/corpsman/lazarus/lcl/include/fileutil.inc"/>
        <TopLine Value="127"/>
        <CursorPos X="3" Y="129"/>
        <UsageCount Value="10"/>
      </Unit3>
      <Unit4>
        <Filename Value="/home/corpsman/lazarus/lcl/interfacebase.pp"/>
        <UnitName Value="InterfaceBase"/>
        <CursorPos X="35" Y="11"/>
        <UsageCount Value="10"/>
      </Unit4>
      <Unit5>
        <Filename Value="/usr/share/fpcsrc/2.6.2/rtl/inc/systemh.inc"/>
        <EditorIndex Value="-1"/>
        <TopLine Value="1077"/>
        <CursorPos X="13" Y="1097"/>
        <UsageCount Value="10"/>
      </Unit5>
      <Unit6>
        <Filename Value="/usr/share/fpcsrc/2.6.2/rtl/inc/system.inc"/>
        <EditorIndex Value="-1"/>
        <TopLine Value="1030"/>
        <CursorPos X="3" Y="1032"/>
        <UsageCount Value="10"/>
      </Unit6>
      <Unit7>
        <Filename Value="/usr/share/fpcsrc/2.6.2/packages/amunits/examples/otherlibs/string.pas"/>
        <UnitName Value="Stringtest"/>
        <EditorIndex Value="-1"/>
        <UsageCount Value="10"/>
      </Unit7>
      <Unit8>
        <Filename Value="/home/corpsman/lazarus/components/lazutils/lazfileutils.pas"/>
        <UnitName Value="LazFileUtils"/>
        <EditorIndex Value="-1"/>
        <TopLine Value="257"/>
        <CursorPos X="3" Y="262"/>
        <UsageCount Value="10"/>
      </Unit8>
      <Unit9>
        <Filename Value="/home/corpsman/lazarus/lcl/include/customform.inc"/>
        <EditorIndex Value="-1"/>
        <TopLine Value="1008"/>
        <CursorPos Y="1024"/>
        <UsageCount Value="10"/>
      </Unit9>
      <Unit10>
        <Filename Value="/usr/share/fpcsrc/3.0.0/rtl/objpas/sysutils/sysutilh.inc"/>
        <EditorIndex Value="-1"/>
        <TopLine Value="247"/>
        <CursorPos X="3" Y="263"/>
        <UsageCount Value="10"/>
      </Unit10>
      <Unit11>
        <Filename Value="/usr/share/fpcsrc/3.0.0/rtl/unix/sysunixh.inc"/>
        <EditorIndex Value="-1"/>
        <TopLine Value="14"/>
        <CursorPos X="2" Y="30"/>
        <UsageCount Value="10"/>
      </Unit11>
      <Unit12>
        <Filename Value="../Sample/DatenSteuerung/tokenizer.pas"/>
        <EditorIndex Value="-1"/>
        <WindowIndex Value="-1"/>
        <TopLine Value="-1"/>
        <CursorPos X="-1" Y="-1"/>
        <UsageCount Value="21"/>
      </Unit12>
      <Unit13>
        <Filename Value="../Sample/DatenSteuerung/udomxml.pas"/>
        <IsPartOfProject Value="True"/>
        <EditorIndex Value="-1"/>
        <WindowIndex Value="-1"/>
        <TopLine Value="-1"/>
        <CursorPos X="-1" Y="-1"/>
        <UsageCount Value="20"/>
      </Unit13>
    </Units>
    <JumpHistory Count="30" HistoryIndex="29">
      <Position1>
        <Filename Value="unit1.pas"/>
      </Position1>
      <Position2>
        <Filename Value="unit1.pas"/>
        <Caret Line="65" Column="34" TopLine="33"/>
      </Position2>
      <Position3>
        <Filename Value="unit1.pas"/>
        <Caret Line="96" Column="54" TopLine="64"/>
      </Position3>
      <Position4>
        <Filename Value="unit1.pas"/>
        <Caret Line="97" Column="27" TopLine="65"/>
      </Position4>
      <Position5>
        <Filename Value="unit1.pas"/>
        <Caret Line="98" Column="39" TopLine="66"/>
      </Position5>
      <Position6>
        <Filename Value="unit1.pas"/>
        <Caret Line="276" Column="48" TopLine="244"/>
      </Position6>
      <Position7>
        <Filename Value="unit1.pas"/>
        <Caret Line="433" Column="73" TopLine="401"/>
      </Position7>
      <Position8>
        <Filename Value="unit1.pas"/>
        <Caret Line="41" Column="15" TopLine="22"/>
      </Position8>
      <Position9>
        <Filename Value="unit1.pas"/>
        <Caret Line="268" Column="3"/>
      </Position9>
      <Position10>
        <Filename Value="unit1.pas"/>
        <Caret Line="276" Column="26" TopLine="255"/>
      </Position10>
      <Position11>
        <Filename Value="unit1.pas"/>
      </Position11>
      <Position12>
        <Filename Value="unit1.pas"/>
        <Caret Line="276" Column="26" TopLine="244"/>
      </Position12>
      <Position13>
        <Filename Value="unit1.pas"/>
        <Caret Line="260" Column="128" TopLine="244"/>
      </Position13>
      <Position14>
        <Filename Value="unit1.pas"/>
        <Caret Line="273" Column="126" TopLine="250"/>
      </Position14>
      <Position15>
        <Filename Value="unit1.pas"/>
        <Caret Line="277" Column="22" TopLine="250"/>
      </Position15>
      <Position16>
        <Filename Value="unit1.pas"/>
        <Caret Line="274" TopLine="250"/>
      </Position16>
      <Position17>
        <Filename Value="unit1.pas"/>
        <Caret Line="42" Column="20" TopLine="20"/>
      </Position17>
      <Position18>
        <Filename Value="unit1.pas"/>
        <Caret Line="376" Column="40" TopLine="363"/>
      </Position18>
      <Position19>
        <Filename Value="unit1.pas"/>
        <Caret Line="42" Column="23" TopLine="25"/>
      </Position19>
      <Position20>
        <Filename Value="unit1.pas"/>
        <Caret Line="373" TopLine="353"/>
      </Position20>
      <Position21>
        <Filename Value="unit1.pas"/>
        <Caret Line="9" Column="33"/>
      </Position21>
      <Position22>
        <Filename Value="unit1.pas"/>
        <Caret Line="49" TopLine="31"/>
      </Position22>
      <Position23>
        <Filename Value="unit1.pas"/>
        <Caret Line="161" TopLine="143"/>
      </Position23>
      <Position24>
        <Filename Value="unit1.pas"/>
        <Caret Line="196" Column="29" TopLine="189"/>
      </Position24>
      <Position25>
        <Filename Value="unit1.pas"/>
        <Caret Line="42" Column="16" TopLine="17"/>
      </Position25>
      <Position26>
        <Filename Value="unit1.pas"/>
        <Caret Line="368" TopLine="337"/>
      </Position26>
      <Position27>
        <Filename Value="unit1.pas"/>
        <Caret Line="128" Column="3" TopLine="155"/>
      </Position27>
      <Position28>
        <Filename Value="unit1.pas"/>
        <Caret Line="395" Column="3" TopLine="384"/>
      </Position28>
      <Position29>
        <Filename Value="unit1.pas"/>
        <Caret Line="42" Column="16" TopLine="26"/>
      </Position29>
      <Position30>
        <Filename Value="unit1.pas"/>
        <Caret Line="367" Column="19" TopLine="346"/>
      </Position30>
    </JumpHistory>
  </ProjectOptions>
  <CompilerOptions>
    <Version Value="11"/>
    <Target>
      <Filename Value="projectuncollector"/>
    </Target>
    <SearchPaths>
      <IncludeFiles Value="$(ProjOutDir)"/>
      <OtherUnitFiles Value="/sda5/sda5/Tools/Projects/Sample/DatenSteuerung/Tokenizer;../Sample/DatenSteuerung"/>
      <UnitOutputDirectory Value="lib/$(TargetCPU)-$(TargetOS)"/>
    </SearchPaths>
    <Parsing>
      <SyntaxOptions>
        <UseAnsiStrings Value="False"/>
      </SyntaxOptions>
    </Parsing>
    <Linking>
      <Options>
        <Win32>
          <GraphicApplication Value="True"/>
        </Win32>
      </Options>
    </Linking>
  </CompilerOptions>
  <Debugging>
    <Watches Count="2">
      <Item1 ClassAutoCast="True">
        <Expression Value="FFiles[i]"/>
      </Item1>
      <Item2 ClassAutoCast="True">
        <Expression Value="t"/>
      </Item2>
    </Watches>
    <Exceptions Count="3">
      <Item1>
        <Name Value="EAbort"/>
      </Item1>
      <Item2>
        <Name Value="ECodetoolError"/>
      </Item2>
      <Item3>
        <Name Value="EFOpenError"/>
      </Item3>
    </Exceptions>
  </Debugging>
</CONFIG>
